
Microsoft Visual Studio Solution File, Format Version 12.00
# Visual Studio Version 16
VisualStudioVersion = 16.0.31025.194
MinimumVisualStudioVersion = 10.0.40219.1
Project("{FAE04EC0-301F-11D3-BF4B-00C04F79EFBC}") = "SongRating.WebApi", "SongRating.WebApi.csproj", "{15EACAF4-4377-4154-B36B-877024300B48}"
EndProject
Project("{FAE04EC0-301F-11D3-BF4B-00C04F79EFBC}") = "SongRating.Core", "..\SongRating.Core\SongRating.Core.csproj", "{D0C5CE87-1046-449D-B27C-2379658E07E4}"
EndProject
Global
	GlobalSection(SolutionConfigurationPlatforms) = preSolution
		Debug|Any CPU = Debug|Any CPU
		Release|Any CPU = Release|Any CPU
	EndGlobalSection
	GlobalSection(ProjectConfigurationPlatforms) = postSolution
		{15EACAF4-4377-4154-B36B-877024300B48}.Debug|Any CPU.ActiveCfg = Debug|Any CPU
		{15EACAF4-4377-4154-B36B-877024300B48}.Debug|Any CPU.Build.0 = Debug|Any CPU
		{15EACAF4-4377-4154-B36B-877024300B48}.Release|Any CPU.ActiveCfg = Release|Any CPU
		{15EACAF4-4377-4154-B36B-877024300B48}.Release|Any CPU.Build.0 = Release|Any CPU
		{D0C5CE87-1046-449D-B27C-2379658E07E4}.Debug|Any CPU.ActiveCfg = Debug|Any CPU
		{D0C5CE87-1046-449D-B27C-2379658E07E4}.Debug|Any CPU.Build.0 = Debug|Any CPU
		{D0C5CE87-1046-449D-B27C-2379658E07E4}.Release|Any CPU.ActiveCfg = Release|Any CPU
		{D0C5CE87-1046-449D-B27C-2379658E07E4}.Release|Any CPU.Build.0 = Release|Any CPU
	EndGlobalSection
	GlobalSection(SolutionProperties) = preSolution
		HideSolutionNode = FALSE
	EndGlobalSection
	GlobalSection(ExtensibilityGlobals) = postSolution
		SolutionGuid = {F5391BA5-8FEB-4EC8-BF76-0D64E98CF686}
	EndGlobalSection
EndGlobal
